
Microsoft Visual Studio Solution File, Format Version 12.00
# Visual Studio Version 17
VisualStudioVersion = 17.9.34616.47
MinimumVisualStudioVersion = 10.0.40219.1
Project("{FAE04EC0-301F-11D3-BF4B-00C04F79EFBC}") = "ReserchBlazor", "ReserchBlazor\ReserchBlazor.csproj", "{40BA5E36-723E-43FA-87E6-F6BEB28F8899}"
EndProject
Global
	GlobalSection(SolutionConfigurationPlatforms) = preSolution
		Debug|Any CPU = Debug|Any CPU
		Release|Any CPU = Release|Any CPU
	EndGlobalSection
	GlobalSection(ProjectConfigurationPlatforms) = postSolution
		{40BA5E36-723E-43FA-87E6-F6BEB28F8899}.Debug|Any CPU.ActiveCfg = Debug|Any CPU
		{40BA5E36-723E-43FA-87E6-F6BEB28F8899}.Debug|Any CPU.Build.0 = Debug|Any CPU
		{40BA5E36-723E-43FA-87E6-F6BEB28F8899}.Release|Any CPU.ActiveCfg = Release|Any CPU
		{40BA5E36-723E-43FA-87E6-F6BEB28F8899}.Release|Any CPU.Build.0 = Release|Any CPU
	EndGlobalSection
	GlobalSection(SolutionProperties) = preSolution
		HideSolutionNode = FALSE
	EndGlobalSection
	GlobalSection(ExtensibilityGlobals) = postSolution
		SolutionGuid = {568BEF64-FD7A-433E-A18B-7A169C43E111}
	EndGlobalSection
EndGlobal
